
Microsoft Visual Studio Solution File, Format Version 12.00
# Visual Studio Version 16
VisualStudioVersion = 16.0.30611.23
MinimumVisualStudioVersion = 10.0.40219.1
Project("{FAE04EC0-301F-11D3-BF4B-00C04F79EFBC}") = "DataAccess", "DataAccess\DataAccess.csproj", "{6CBDE686-9A12-4C48-A1B1-51C05A37738A}"
EndProject
Project("{FAE04EC0-301F-11D3-BF4B-00C04F79EFBC}") = "Business", "Business\Business.csproj", "{3A32B8EE-E84F-40D2-BFE7-07B7451BA691}"
EndProject
Project("{FAE04EC0-301F-11D3-BF4B-00C04F79EFBC}") = "Entities", "Entities\Entities.csproj", "{2F280244-1C67-4C9B-BFC9-888AB4A49CD9}"
EndProject
Project("{FAE04EC0-301F-11D3-BF4B-00C04F79EFBC}") = "ConsoleUI", "ConsoleUI\ConsoleUI.csproj", "{0FF70361-CE4E-4AEA-8163-7234002129A4}"
EndProject
Global
	GlobalSection(SolutionConfigurationPlatforms) = preSolution
		Debug|Any CPU = Debug|Any CPU
		Release|Any CPU = Release|Any CPU
	EndGlobalSection
	GlobalSection(ProjectConfigurationPlatforms) = postSolution
		{6CBDE686-9A12-4C48-A1B1-51C05A37738A}.Debug|Any CPU.ActiveCfg = Debug|Any CPU
		{6CBDE686-9A12-4C48-A1B1-51C05A37738A}.Debug|Any CPU.Build.0 = Debug|Any CPU
		{6CBDE686-9A12-4C48-A1B1-51C05A37738A}.Release|Any CPU.ActiveCfg = Release|Any CPU
		{6CBDE686-9A12-4C48-A1B1-51C05A37738A}.Release|Any CPU.Build.0 = Release|Any CPU
		{3A32B8EE-E84F-40D2-BFE7-07B7451BA691}.Debug|Any CPU.ActiveCfg = Debug|Any CPU
		{3A32B8EE-E84F-40D2-BFE7-07B7451BA691}.Debug|Any CPU.Build.0 = Debug|Any CPU
		{3A32B8EE-E84F-40D2-BFE7-07B7451BA691}.Release|Any CPU.ActiveCfg = Release|Any CPU
		{3A32B8EE-E84F-40D2-BFE7-07B7451BA691}.Release|Any CPU.Build.0 = Release|Any CPU
		{2F280244-1C67-4C9B-BFC9-888AB4A49CD9}.Debug|Any CPU.ActiveCfg = Debug|Any CPU
		{2F280244-1C67-4C9B-BFC9-888AB4A49CD9}.Debug|Any CPU.Build.0 = Debug|Any CPU
		{2F280244-1C67-4C9B-BFC9-888AB4A49CD9}.Release|Any CPU.ActiveCfg = Release|Any CPU
		{2F280244-1C67-4C9B-BFC9-888AB4A49CD9}.Release|Any CPU.Build.0 = Release|Any CPU
		{0FF70361-CE4E-4AEA-8163-7234002129A4}.Debug|Any CPU.ActiveCfg = Debug|Any CPU
		{0FF70361-CE4E-4AEA-8163-7234002129A4}.Debug|Any CPU.Build.0 = Debug|Any CPU
		{0FF70361-CE4E-4AEA-8163-7234002129A4}.Release|Any CPU.ActiveCfg = Release|Any CPU
		{0FF70361-CE4E-4AEA-8163-7234002129A4}.Release|Any CPU.Build.0 = Release|Any CPU
	EndGlobalSection
	GlobalSection(SolutionProperties) = preSolution
		HideSolutionNode = FALSE
	EndGlobalSection
	GlobalSection(ExtensibilityGlobals) = postSolution
		SolutionGuid = {D1C8F013-370A-46FB-8223-0670936734C6}
	EndGlobalSection
EndGlobal
